<?xml version="1.0" encoding="utf-8"?>
<Project ToolsVersion="4.0" xmlns="http://schemas.microsoft.com/developer/msbuild/2003">
  <ItemGroup>
    <Filter Include="Исходные файлы">
      <UniqueIdentifier>{4FC737F1-C7A5-4376-A066-2A32D752A2FF}</UniqueIdentifier>
      <Extensions>cpp;c;cc;cxx;c++;cppm;ixx;def;odl;idl;hpj;bat;asm;asmx</Extensions>
    </Filter>
    <Filter Include="Файлы заголовков">
      <UniqueIdentifier>{93995380-89BD-4b04-88EB-625FBE52EBFB}</UniqueIdentifier>
      <Extensions>h;hh;hpp;hxx;h++;hm;inl;inc;ipp;xsd</Extensions>
    </Filter>
    <Filter Include="Файлы ресурсов">
      <UniqueIdentifier>{67DA6AB6-F800-4c08-8B7A-83BB121AAD01}</UniqueIdentifier>
      <Extensions>rc;ico;cur;bmp;dlg;rc2;rct;bin;rgs;gif;jpg;jpeg;jpe;resx;tiff;tif;png;wav;mfcribbon-ms</Extensions>
    </Filter>
    <Filter Include="INSTRUCTIONS HEADER">
      <UniqueIdentifier>{2e553d20-d808-409b-9ca9-1c9f83c0d131}</UniqueIdentifier>
    </Filter>
    <Filter Include="INSTRUCTIONS DEFENITION">
      <UniqueIdentifier>{6ab41d40-6195-48c5-bd82-8fb13d10a507}</UniqueIdentifier>
    </Filter>
    <Filter Include="SECTIONS HEADER">
      <UniqueIdentifier>{df7dd47d-e07d-467a-ab26-a796a5a31258}</UniqueIdentifier>
    </Filter>
    <Filter Include="SECTIONS DEFENITION">
      <UniqueIdentifier>{640f7f7f-e4e8-4318-a76d-27d57b836a97}</UniqueIdentifier>
    </Filter>
    <Filter Include="OPERANDS HEADER">
      <UniqueIdentifier>{de3a065a-4982-4036-bba6-b53c68c3adf7}</UniqueIdentifier>
    </Filter>
    <Filter Include="OPERANDS DEFENITION">
      <UniqueIdentifier>{63ad903a-f676-4411-85f9-1a52e1d994c4}</UniqueIdentifier>
    </Filter>
    <Filter Include="TABLES HEADER">
      <UniqueIdentifier>{05a4f89f-6590-4fd7-b04e-9774598d6dce}</UniqueIdentifier>
    </Filter>
    <Filter Include="TABLES DEFENITION">
      <UniqueIdentifier>{f1cba1df-b0f7-414c-9597-34c3873c948b}</UniqueIdentifier>
    </Filter>
    <Filter Include="EXCEPTIONS HEADER">
      <UniqueIdentifier>{a7cd1544-0157-4e47-a9d8-d8421f031c78}</UniqueIdentifier>
    </Filter>
    <Filter Include="EXCEPTIONS DEFENITION">
      <UniqueIdentifier>{83f4cadf-9e0c-4b91-88b2-5fd82f6aa5db}</UniqueIdentifier>
    </Filter>
  </ItemGroup>
  <ItemGroup>
    <ClCompile Include="Compiler.cpp">
      <Filter>Исходные файлы</Filter>
    </ClCompile>
    <ClCompile Include="Main.cpp">
      <Filter>Исходные файлы</Filter>
    </ClCompile>
    <ClCompile Include="InsctructionPush.cpp">
      <Filter>INSTRUCTIONS DEFENITION</Filter>
    </ClCompile>
    <ClCompile Include="Instruction.cpp">
      <Filter>INSTRUCTIONS DEFENITION</Filter>
    </ClCompile>
    <ClCompile Include="InstructionAdd.cpp">
      <Filter>INSTRUCTIONS DEFENITION</Filter>
    </ClCompile>
    <ClCompile Include="InstructionJmp.cpp">
      <Filter>INSTRUCTIONS DEFENITION</Filter>
    </ClCompile>
    <ClCompile Include="InstructionJcc.cpp">
      <Filter>INSTRUCTIONS DEFENITION</Filter>
    </ClCompile>
    <ClCompile Include="InstructionCmp.cpp">
      <Filter>INSTRUCTIONS DEFENITION</Filter>
    </ClCompile>
    <ClCompile Include="InstructionMov.cpp">
      <Filter>INSTRUCTIONS DEFENITION</Filter>
    </ClCompile>
    <ClCompile Include="InstructionLodsw.cpp">
      <Filter>INSTRUCTIONS DEFENITION</Filter>
    </ClCompile>
    <ClCompile Include="InstructionRcl.cpp">
      <Filter>INSTRUCTIONS DEFENITION</Filter>
    </ClCompile>
    <ClCompile Include="InstructionSbb.cpp">
      <Filter>INSTRUCTIONS DEFENITION</Filter>
    </ClCompile>
    <ClCompile Include="InstructionRet.cpp">
      <Filter>INSTRUCTIONS DEFENITION</Filter>
    </ClCompile>
    <ClCompile Include="InstructionXor.cpp">
      <Filter>INSTRUCTIONS DEFENITION</Filter>
    </ClCompile>
    <ClCompile Include="AuxiliaryFileFormatRecord.cpp">
      <Filter>SECTIONS DEFENITION</Filter>
    </ClCompile>
    <ClCompile Include="AuxiliarySectionFormatRecord.cpp">
      <Filter>SECTIONS DEFENITION</Filter>
    </ClCompile>
    <ClCompile Include="AuxiliarySymbolRecord.cpp">
      <Filter>SECTIONS DEFENITION</Filter>
    </ClCompile>
    <ClCompile Include="Block.cpp">
      <Filter>SECTIONS DEFENITION</Filter>
    </ClCompile>
    <ClCompile Include="Section.cpp">
      <Filter>SECTIONS DEFENITION</Filter>
    </ClCompile>
    <ClCompile Include="HeaderSection.cpp">
      <Filter>SECTIONS DEFENITION</Filter>
    </ClCompile>
    <ClCompile Include="SymbolTableSection.cpp">
      <Filter>SECTIONS DEFENITION</Filter>
    </ClCompile>
    <ClCompile Include="TwoOperandInstruction.cpp">
      <Filter>INSTRUCTIONS DEFENITION</Filter>
    </ClCompile>
    <ClCompile Include="SingleOperandInstruction.cpp">
      <Filter>INSTRUCTIONS DEFENITION</Filter>
    </ClCompile>
    <ClCompile Include="NoOperandInstruction.cpp">
      <Filter>INSTRUCTIONS DEFENITION</Filter>
    </ClCompile>
    <ClCompile Include="Operand.cpp">
      <Filter>OPERANDS DEFENITION</Filter>
    </ClCompile>
    <ClCompile Include="RegisterOperand.cpp">
      <Filter>OPERANDS DEFENITION</Filter>
    </ClCompile>
    <ClCompile Include="MemoryOperand.cpp">
      <Filter>OPERANDS DEFENITION</Filter>
    </ClCompile>
    <ClCompile Include="DataOperand.cpp">
      <Filter>OPERANDS DEFENITION</Filter>
    </ClCompile>
    <ClCompile Include="InstructionsTable.cpp">
      <Filter>TABLES DEFENITION</Filter>
    </ClCompile>
    <ClCompile Include="LabelTable.cpp">
      <Filter>TABLES DEFENITION</Filter>
    </ClCompile>
    <ClCompile Include="RegistersTable.cpp">
      <Filter>TABLES DEFENITION</Filter>
    </ClCompile>
    <ClCompile Include="MemoryElementTable.cpp">
      <Filter>TABLES DEFENITION</Filter>
    </ClCompile>
    <ClCompile Include="Exception.cpp">
      <Filter>EXCEPTIONS DEFENITION</Filter>
    </ClCompile>
    <ClCompile Include="CompilerException.cpp">
      <Filter>EXCEPTIONS DEFENITION</Filter>
    </ClCompile>
  </ItemGroup>
  <ItemGroup>
    <ClInclude Include="Compiler.h">
      <Filter>Файлы заголовков</Filter>
    </ClInclude>
    <ClInclude Include="CommandTypeTable.h">
      <Filter>Файлы заголовков</Filter>
    </ClInclude>
    <ClInclude Include="SectionTypeTable.h">
      <Filter>Файлы заголовков</Filter>
    </ClInclude>
    <ClInclude Include="InsctructionPush.h">
      <Filter>INSTRUCTIONS HEADER</Filter>
    </ClInclude>
    <ClInclude Include="InstructionAdd.h">
      <Filter>INSTRUCTIONS HEADER</Filter>
    </ClInclude>
    <ClInclude Include="Instruction.h">
      <Filter>INSTRUCTIONS HEADER</Filter>
    </ClInclude>
    <ClInclude Include="InstructionCmp.h">
      <Filter>INSTRUCTIONS HEADER</Filter>
    </ClInclude>
    <ClInclude Include="InstructionJcc.h">
      <Filter>INSTRUCTIONS HEADER</Filter>
    </ClInclude>
    <ClInclude Include="InstructionJmp.h">
      <Filter>INSTRUCTIONS HEADER</Filter>
    </ClInclude>
    <ClInclude Include="InstructionLodsw.h">
      <Filter>INSTRUCTIONS HEADER</Filter>
    </ClInclude>
    <ClInclude Include="InstructionMov.h">
      <Filter>INSTRUCTIONS HEADER</Filter>
    </ClInclude>
    <ClInclude Include="InstructionRcl.h">
      <Filter>INSTRUCTIONS HEADER</Filter>
    </ClInclude>
    <ClInclude Include="InstructionRet.h">
      <Filter>INSTRUCTIONS HEADER</Filter>
    </ClInclude>
    <ClInclude Include="InstructionSbb.h">
      <Filter>INSTRUCTIONS HEADER</Filter>
    </ClInclude>
    <ClInclude Include="InstructionXor.h">
      <Filter>INSTRUCTIONS HEADER</Filter>
    </ClInclude>
    <ClInclude Include="AuxiliaryFileFormatRecord.h">
      <Filter>SECTIONS HEADER</Filter>
    </ClInclude>
    <ClInclude Include="AuxiliarySymbolRecord.h">
      <Filter>SECTIONS HEADER</Filter>
    </ClInclude>
    <ClInclude Include="AuxiliarySectionFormatRecord.h">
      <Filter>SECTIONS HEADER</Filter>
    </ClInclude>
    <ClInclude Include="Block.h">
      <Filter>SECTIONS HEADER</Filter>
    </ClInclude>
    <ClInclude Include="Section.h">
      <Filter>SECTIONS HEADER</Filter>
    </ClInclude>
    <ClInclude Include="SymbolTableSection.h">
      <Filter>SECTIONS HEADER</Filter>
    </ClInclude>
    <ClInclude Include="HeaderSection.h">
      <Filter>SECTIONS HEADER</Filter>
    </ClInclude>
    <ClInclude Include="TwoOperandInstruction.h">
      <Filter>INSTRUCTIONS HEADER</Filter>
    </ClInclude>
    <ClInclude Include="SingleOperandInstruction.h">
      <Filter>INSTRUCTIONS HEADER</Filter>
    </ClInclude>
    <ClInclude Include="NoOperandInstruction.h">
      <Filter>INSTRUCTIONS HEADER</Filter>
    </ClInclude>
    <ClInclude Include="DataOperand.h">
      <Filter>OPERANDS HEADER</Filter>
    </ClInclude>
    <ClInclude Include="RegisterOperand.h">
      <Filter>OPERANDS HEADER</Filter>
    </ClInclude>
    <ClInclude Include="Operand.h">
      <Filter>OPERANDS HEADER</Filter>
    </ClInclude>
    <ClInclude Include="MemoryOperand.h">
      <Filter>OPERANDS HEADER</Filter>
    </ClInclude>
    <ClInclude Include="MemoryElementTable.h">
      <Filter>TABLES HEADER</Filter>
    </ClInclude>
    <ClInclude Include="InstructionsTable.h">
      <Filter>TABLES HEADER</Filter>
    </ClInclude>
    <ClInclude Include="LabelTable.h">
      <Filter>TABLES HEADER</Filter>
    </ClInclude>
    <ClInclude Include="RegistersTable.h">
      <Filter>TABLES HEADER</Filter>
    </ClInclude>
    <ClInclude Include="Exception.h">
      <Filter>EXCEPTIONS HEADER</Filter>
    </ClInclude>
    <ClInclude Include="CompilerException.h">
      <Filter>EXCEPTIONS HEADER</Filter>
    </ClInclude>
  </ItemGroup>
  <ItemGroup>
    <None Include="example.asm">
      <Filter>Исходные файлы</Filter>
    </None>
    <None Include="ClassDiagram.cd" />
    <None Include="ClassDiagram1.cd" />
  </ItemGroup>
</Project>